
Microsoft Visual Studio Solution File, Format Version 12.00
# Visual Studio 15
VisualStudioVersion = 15.0.26730.16
MinimumVisualStudioVersion = 10.0.40219.1
Project("{FAE04EC0-301F-11D3-BF4B-00C04F79EFBC}") = "FileLocker", "FileLocker\FileLocker.csproj", "{655D6AC8-807E-4690-BB79-82F057E58E0D}"
EndProject
Global
	GlobalSection(SolutionConfigurationPlatforms) = preSolution
		Debug|Any CPU = Debug|Any CPU
		Release|Any CPU = Release|Any CPU
	EndGlobalSection
	GlobalSection(ProjectConfigurationPlatforms) = postSolution
		{655D6AC8-807E-4690-BB79-82F057E58E0D}.Debug|Any CPU.ActiveCfg = Debug|Any CPU
		{655D6AC8-807E-4690-BB79-82F057E58E0D}.Debug|Any CPU.Build.0 = Debug|Any CPU
		{655D6AC8-807E-4690-BB79-82F057E58E0D}.Release|Any CPU.ActiveCfg = Release|Any CPU
		{655D6AC8-807E-4690-BB79-82F057E58E0D}.Release|Any CPU.Build.0 = Release|Any CPU
	EndGlobalSection
	GlobalSection(SolutionProperties) = preSolution
		HideSolutionNode = FALSE
	EndGlobalSection
	GlobalSection(ExtensibilityGlobals) = postSolution
		SolutionGuid = {CF88A44E-14D3-4ADF-96CE-82F8B5707C59}
	EndGlobalSection
EndGlobal
